
Microsoft Visual Studio Solution File, Format Version 12.00
# Visual Studio Version 17
VisualStudioVersion = 17.13.35931.197
MinimumVisualStudioVersion = 10.0.40219.1
Project("{2150E333-8FDC-42A3-9474-1A3956D46DE8}") = "BubbleSort", "BubbleSort", "{02EA681E-C7D8-13C7-8484-4AC65E1B71E8}"
EndProject
Project("{FAE04EC0-301F-11D3-BF4B-00C04F79EFBC}") = "BubbleSort", "BubbleSort\BubbleSort.csproj", "{023A0447-C941-41B4-928B-7E42484053B6}"
EndProject
Project("{2150E333-8FDC-42A3-9474-1A3956D46DE8}") = "SelectionSort", "SelectionSort", "{E59FB690-39B7-456F-B896-D4E2CB948640}"
EndProject
Project("{FAE04EC0-301F-11D3-BF4B-00C04F79EFBC}") = "SelectionSort", "SelectionSort\SelectionSort.csproj", "{1025CE35-AB92-4049-9F38-2E00739171BE}"
EndProject
Project("{2150E333-8FDC-42A3-9474-1A3956D46DE8}") = "QuickSort", "QuickSort", "{DA59576C-61F1-4C40-88ED-2841BB9FDD75}"
EndProject
Project("{FAE04EC0-301F-11D3-BF4B-00C04F79EFBC}") = "QuickSort", "QuickSort\QuickSort.csproj", "{81C974DB-1CB4-4AF2-AD88-C353F45761CC}"
EndProject
Project("{2150E333-8FDC-42A3-9474-1A3956D46DE8}") = "MergeSort", "MergeSort", "{A92D0E7A-4F50-4412-8596-11C4112BBB92}"
EndProject
Project("{FAE04EC0-301F-11D3-BF4B-00C04F79EFBC}") = "MergeSort", "MergeSort\MergeSort.csproj", "{4EEB49E6-1EAA-47DA-9E1F-69350BEB5B22}"
EndProject
Project("{2150E333-8FDC-42A3-9474-1A3956D46DE8}") = "LinearSearch", "LinearSearch", "{B55A6636-992D-4812-A302-CB09CE8BCD1F}"
EndProject
Project("{FAE04EC0-301F-11D3-BF4B-00C04F79EFBC}") = "LinearSearch", "LinearSearch\LinearSearch.csproj", "{1CB02949-082C-49E7-B483-8FC616BC2976}"
EndProject
Project("{2150E333-8FDC-42A3-9474-1A3956D46DE8}") = "BinarySearch", "BinarySearch", "{84B6116A-84BF-4BBE-A17E-3ACEFEF012A3}"
EndProject
Project("{FAE04EC0-301F-11D3-BF4B-00C04F79EFBC}") = "BinarySearch", "BinarySearch\BinarySearch.csproj", "{3280B934-2D34-489D-A38F-227AC91CCC48}"
EndProject
Project("{2150E333-8FDC-42A3-9474-1A3956D46DE8}") = "BreadthFirstSearch", "BreadthFirstSearch", "{BF699DEF-392E-4490-857E-AE379EAA23C2}"
EndProject
Project("{FAE04EC0-301F-11D3-BF4B-00C04F79EFBC}") = "BreadthFirstSearch", "BreadthFirstSearch\BreadthFirstSearch.csproj", "{0C9981B5-7493-4ED6-A5CD-767EFA5CB75C}"
EndProject
Project("{2150E333-8FDC-42A3-9474-1A3956D46DE8}") = "DepthFirstSearch", "DepthFirstSearch", "{C10D6049-3282-411C-ACF0-4E063310FDD5}"
EndProject
Project("{FAE04EC0-301F-11D3-BF4B-00C04F79EFBC}") = "DepthFirstSearch", "DepthFirstSearch\DepthFirstSearch.csproj", "{DAD70438-EDFB-4D6C-B0C8-DB99B83BA7A3}"
EndProject
Global
	GlobalSection(SolutionConfigurationPlatforms) = preSolution
		Debug|Any CPU = Debug|Any CPU
		Release|Any CPU = Release|Any CPU
	EndGlobalSection
	GlobalSection(ProjectConfigurationPlatforms) = postSolution
		{023A0447-C941-41B4-928B-7E42484053B6}.Debug|Any CPU.ActiveCfg = Debug|Any CPU
		{023A0447-C941-41B4-928B-7E42484053B6}.Debug|Any CPU.Build.0 = Debug|Any CPU
		{023A0447-C941-41B4-928B-7E42484053B6}.Release|Any CPU.ActiveCfg = Release|Any CPU
		{023A0447-C941-41B4-928B-7E42484053B6}.Release|Any CPU.Build.0 = Release|Any CPU
		{1025CE35-AB92-4049-9F38-2E00739171BE}.Debug|Any CPU.ActiveCfg = Debug|Any CPU
		{1025CE35-AB92-4049-9F38-2E00739171BE}.Debug|Any CPU.Build.0 = Debug|Any CPU
		{1025CE35-AB92-4049-9F38-2E00739171BE}.Release|Any CPU.ActiveCfg = Release|Any CPU
		{1025CE35-AB92-4049-9F38-2E00739171BE}.Release|Any CPU.Build.0 = Release|Any CPU
		{81C974DB-1CB4-4AF2-AD88-C353F45761CC}.Debug|Any CPU.ActiveCfg = Debug|Any CPU
		{81C974DB-1CB4-4AF2-AD88-C353F45761CC}.Debug|Any CPU.Build.0 = Debug|Any CPU
		{81C974DB-1CB4-4AF2-AD88-C353F45761CC}.Release|Any CPU.ActiveCfg = Release|Any CPU
		{81C974DB-1CB4-4AF2-AD88-C353F45761CC}.Release|Any CPU.Build.0 = Release|Any CPU
		{4EEB49E6-1EAA-47DA-9E1F-69350BEB5B22}.Debug|Any CPU.ActiveCfg = Debug|Any CPU
		{4EEB49E6-1EAA-47DA-9E1F-69350BEB5B22}.Debug|Any CPU.Build.0 = Debug|Any CPU
		{4EEB49E6-1EAA-47DA-9E1F-69350BEB5B22}.Release|Any CPU.ActiveCfg = Release|Any CPU
		{4EEB49E6-1EAA-47DA-9E1F-69350BEB5B22}.Release|Any CPU.Build.0 = Release|Any CPU
		{1CB02949-082C-49E7-B483-8FC616BC2976}.Debug|Any CPU.ActiveCfg = Debug|Any CPU
		{1CB02949-082C-49E7-B483-8FC616BC2976}.Debug|Any CPU.Build.0 = Debug|Any CPU
		{1CB02949-082C-49E7-B483-8FC616BC2976}.Release|Any CPU.ActiveCfg = Release|Any CPU
		{1CB02949-082C-49E7-B483-8FC616BC2976}.Release|Any CPU.Build.0 = Release|Any CPU
		{3280B934-2D34-489D-A38F-227AC91CCC48}.Debug|Any CPU.ActiveCfg = Debug|Any CPU
		{3280B934-2D34-489D-A38F-227AC91CCC48}.Debug|Any CPU.Build.0 = Debug|Any CPU
		{3280B934-2D34-489D-A38F-227AC91CCC48}.Release|Any CPU.ActiveCfg = Release|Any CPU
		{3280B934-2D34-489D-A38F-227AC91CCC48}.Release|Any CPU.Build.0 = Release|Any CPU
		{0C9981B5-7493-4ED6-A5CD-767EFA5CB75C}.Debug|Any CPU.ActiveCfg = Debug|Any CPU
		{0C9981B5-7493-4ED6-A5CD-767EFA5CB75C}.Debug|Any CPU.Build.0 = Debug|Any CPU
		{0C9981B5-7493-4ED6-A5CD-767EFA5CB75C}.Release|Any CPU.ActiveCfg = Release|Any CPU
		{0C9981B5-7493-4ED6-A5CD-767EFA5CB75C}.Release|Any CPU.Build.0 = Release|Any CPU
		{DAD70438-EDFB-4D6C-B0C8-DB99B83BA7A3}.Debug|Any CPU.ActiveCfg = Debug|Any CPU
		{DAD70438-EDFB-4D6C-B0C8-DB99B83BA7A3}.Debug|Any CPU.Build.0 = Debug|Any CPU
		{DAD70438-EDFB-4D6C-B0C8-DB99B83BA7A3}.Release|Any CPU.ActiveCfg = Release|Any CPU
		{DAD70438-EDFB-4D6C-B0C8-DB99B83BA7A3}.Release|Any CPU.Build.0 = Release|Any CPU
	EndGlobalSection
	GlobalSection(SolutionProperties) = preSolution
		HideSolutionNode = FALSE
	EndGlobalSection
	GlobalSection(NestedProjects) = preSolution
		{023A0447-C941-41B4-928B-7E42484053B6} = {02EA681E-C7D8-13C7-8484-4AC65E1B71E8}
		{1025CE35-AB92-4049-9F38-2E00739171BE} = {E59FB690-39B7-456F-B896-D4E2CB948640}
		{81C974DB-1CB4-4AF2-AD88-C353F45761CC} = {DA59576C-61F1-4C40-88ED-2841BB9FDD75}
		{4EEB49E6-1EAA-47DA-9E1F-69350BEB5B22} = {A92D0E7A-4F50-4412-8596-11C4112BBB92}
		{1CB02949-082C-49E7-B483-8FC616BC2976} = {B55A6636-992D-4812-A302-CB09CE8BCD1F}
		{3280B934-2D34-489D-A38F-227AC91CCC48} = {84B6116A-84BF-4BBE-A17E-3ACEFEF012A3}
		{0C9981B5-7493-4ED6-A5CD-767EFA5CB75C} = {BF699DEF-392E-4490-857E-AE379EAA23C2}
		{DAD70438-EDFB-4D6C-B0C8-DB99B83BA7A3} = {C10D6049-3282-411C-ACF0-4E063310FDD5}
	EndGlobalSection
	GlobalSection(ExtensibilityGlobals) = postSolution
		SolutionGuid = {92AA3A2C-3558-43A3-A893-6E75D4995231}
	EndGlobalSection
EndGlobal
